# THIS IS AN AUTOGENERATED FILE. DO NOT EDIT THIS FILE DIRECTLY.
# yarn lockfile v1


react-hook-form@^7.36.1:
  version "7.36.1"
  resolved "https://registry.yarnpkg.com/react-hook-form/-/react-hook-form-7.36.1.tgz#82a311fe8cbe75e689fd4529f083b7c983da6520"
  integrity sha512-EbYYkCG2p8ywe7ikOH2l02lAFMrrrslZi1I8fqd8ifDGNAkhomHZQzQsP6ksvzrWBKntRe8b5L5L7Zsd+Gm02Q==
